Microsoft Visual Studio Solution File, Format Version 12.00
# Visual Studio Version 17
VisualStudioVersion = 17.5.2.0
MinimumVisualStudioVersion = 10.0.40219.1
Project("{FAE04EC0-301F-11D3-BF4B-00C04F79EFBC}") = "Gustavia", "GustaviaTraits\Gustavia.csproj", "{7EDC46A2-DA04-1FE5-4DCB-0047892772ED}"
EndProject
Global
	GlobalSection(SolutionConfigurationPlatforms) = preSolution
		Debug|Any CPU = Debug|Any CPU
		Release|Any CPU = Release|Any CPU
	EndGlobalSection
	GlobalSection(ProjectConfigurationPlatforms) = postSolution
		{7EDC46A2-DA04-1FE5-4DCB-0047892772ED}.Debug|Any CPU.ActiveCfg = Debug|Any CPU
		{7EDC46A2-DA04-1FE5-4DCB-0047892772ED}.Debug|Any CPU.Build.0 = Debug|Any CPU
		{7EDC46A2-DA04-1FE5-4DCB-0047892772ED}.Release|Any CPU.ActiveCfg = Release|Any CPU
		{7EDC46A2-DA04-1FE5-4DCB-0047892772ED}.Release|Any CPU.Build.0 = Release|Any CPU
	EndGlobalSection
	GlobalSection(SolutionProperties) = preSolution
		HideSolutionNode = FALSE
	EndGlobalSection
	GlobalSection(ExtensibilityGlobals) = postSolution
		SolutionGuid = {279DEAE9-5E37-4D57-BD2A-57682EB4975E}
	EndGlobalSection
EndGlobal
